
Microsoft Visual Studio Solution File, Format Version 12.00
# Visual Studio Version 16
VisualStudioVersion = 16.0.30804.86
MinimumVisualStudioVersion = 10.0.40219.1
Project("{FAE04EC0-301F-11D3-BF4B-00C04F79EFBC}") = "GestionInventario", "GestionInventario\GestionInventario.csproj", "{842D8B2B-3D7A-434F-9C75-51F16564FE72}"
EndProject
Global
	GlobalSection(SolutionConfigurationPlatforms) = preSolution
		Debug|Any CPU = Debug|Any CPU
		Release|Any CPU = Release|Any CPU
	EndGlobalSection
	GlobalSection(ProjectConfigurationPlatforms) = postSolution
		{842D8B2B-3D7A-434F-9C75-51F16564FE72}.Debug|Any CPU.ActiveCfg = Debug|Any CPU
		{842D8B2B-3D7A-434F-9C75-51F16564FE72}.Debug|Any CPU.Build.0 = Debug|Any CPU
		{842D8B2B-3D7A-434F-9C75-51F16564FE72}.Release|Any CPU.ActiveCfg = Release|Any CPU
		{842D8B2B-3D7A-434F-9C75-51F16564FE72}.Release|Any CPU.Build.0 = Release|Any CPU
	EndGlobalSection
	GlobalSection(SolutionProperties) = preSolution
		HideSolutionNode = FALSE
	EndGlobalSection
	GlobalSection(ExtensibilityGlobals) = postSolution
		SolutionGuid = {94A5BA14-4ADA-4840-96B5-5AD1CF01019A}
	EndGlobalSection
EndGlobal
